
Microsoft Visual Studio Solution File, Format Version 12.00
# Visual Studio Version 16
VisualStudioVersion = 16.0.31112.23
MinimumVisualStudioVersion = 10.0.40219.1
Project("{FAE04EC0-301F-11D3-BF4B-00C04F79EFBC}") = "CLIENT", "CLIENT\CLIENT.csproj", "{F2DF4936-3C57-40D3-8251-CCC239989B04}"
EndProject
Global
	GlobalSection(SolutionConfigurationPlatforms) = preSolution
		Debug|Any CPU = Debug|Any CPU
		Release|Any CPU = Release|Any CPU
	EndGlobalSection
	GlobalSection(ProjectConfigurationPlatforms) = postSolution
		{F2DF4936-3C57-40D3-8251-CCC239989B04}.Debug|Any CPU.ActiveCfg = Debug|Any CPU
		{F2DF4936-3C57-40D3-8251-CCC239989B04}.Debug|Any CPU.Build.0 = Debug|Any CPU
		{F2DF4936-3C57-40D3-8251-CCC239989B04}.Release|Any CPU.ActiveCfg = Release|Any CPU
		{F2DF4936-3C57-40D3-8251-CCC239989B04}.Release|Any CPU.Build.0 = Release|Any CPU
	EndGlobalSection
	GlobalSection(SolutionProperties) = preSolution
		HideSolutionNode = FALSE
	EndGlobalSection
	GlobalSection(ExtensibilityGlobals) = postSolution
		SolutionGuid = {D28FD142-FE62-428B-93A8-48DDBF243D29}
	EndGlobalSection
EndGlobal
