
Microsoft Visual Studio Solution File, Format Version 12.00
# Visual Studio Version 16
VisualStudioVersion = 16.0.31112.23
MinimumVisualStudioVersion = 10.0.40219.1
Project("{FAE04EC0-301F-11D3-BF4B-00C04F79EFBC}") = "SERVER", "SERVER\SERVER.csproj", "{0400C628-0A1B-4752-A6D7-F99A0A172F65}"
EndProject
Global
	GlobalSection(SolutionConfigurationPlatforms) = preSolution
		Debug|Any CPU = Debug|Any CPU
		Release|Any CPU = Release|Any CPU
	EndGlobalSection
	GlobalSection(ProjectConfigurationPlatforms) = postSolution
		{0400C628-0A1B-4752-A6D7-F99A0A172F65}.Debug|Any CPU.ActiveCfg = Debug|Any CPU
		{0400C628-0A1B-4752-A6D7-F99A0A172F65}.Debug|Any CPU.Build.0 = Debug|Any CPU
		{0400C628-0A1B-4752-A6D7-F99A0A172F65}.Release|Any CPU.ActiveCfg = Release|Any CPU
		{0400C628-0A1B-4752-A6D7-F99A0A172F65}.Release|Any CPU.Build.0 = Release|Any CPU
	EndGlobalSection
	GlobalSection(SolutionProperties) = preSolution
		HideSolutionNode = FALSE
	EndGlobalSection
	GlobalSection(ExtensibilityGlobals) = postSolution
		SolutionGuid = {40EDC957-ABA2-4688-ACB5-5F9136652AEB}
	EndGlobalSection
EndGlobal
